
Microsoft Visual Studio Solution File, Format Version 12.00
# Visual Studio Version 16
VisualStudioVersion = 16.0.30804.86
MinimumVisualStudioVersion = 10.0.40219.1
Project("{FAE04EC0-301F-11D3-BF4B-00C04F79EFBC}") = "POWERUSER_ASSISTANT", "POWERUSER_ASSISTANT\POWERUSER_ASSISTANT.csproj", "{A7C17FC0-02EE-45AE-B8F2-CF0253207DB7}"
EndProject
Project("{FAE04EC0-301F-11D3-BF4B-00C04F79EFBC}") = "POW_LIB", "POW_LIB\POW_LIB.csproj", "{AE56366E-AFF5-4811-B56D-C3DDE451D77D}"
EndProject
Global
	GlobalSection(SolutionConfigurationPlatforms) = preSolution
		Debug|Any CPU = Debug|Any CPU
		Release|Any CPU = Release|Any CPU
	EndGlobalSection
	GlobalSection(ProjectConfigurationPlatforms) = postSolution
		{A7C17FC0-02EE-45AE-B8F2-CF0253207DB7}.Debug|Any CPU.ActiveCfg = Debug|Any CPU
		{A7C17FC0-02EE-45AE-B8F2-CF0253207DB7}.Debug|Any CPU.Build.0 = Debug|Any CPU
		{A7C17FC0-02EE-45AE-B8F2-CF0253207DB7}.Release|Any CPU.ActiveCfg = Release|Any CPU
		{A7C17FC0-02EE-45AE-B8F2-CF0253207DB7}.Release|Any CPU.Build.0 = Release|Any CPU
		{AE56366E-AFF5-4811-B56D-C3DDE451D77D}.Debug|Any CPU.ActiveCfg = Debug|Any CPU
		{AE56366E-AFF5-4811-B56D-C3DDE451D77D}.Debug|Any CPU.Build.0 = Debug|Any CPU
		{AE56366E-AFF5-4811-B56D-C3DDE451D77D}.Release|Any CPU.ActiveCfg = Release|Any CPU
		{AE56366E-AFF5-4811-B56D-C3DDE451D77D}.Release|Any CPU.Build.0 = Release|Any CPU
	EndGlobalSection
	GlobalSection(SolutionProperties) = preSolution
		HideSolutionNode = FALSE
	EndGlobalSection
	GlobalSection(ExtensibilityGlobals) = postSolution
		SolutionGuid = {ADED2AF3-3396-40E8-89EA-7A79A5222B56}
	EndGlobalSection
EndGlobal
